
Microsoft Visual Studio Solution File, Format Version 12.00
# Visual Studio 15
VisualStudioVersion = 15.0.27703.2026
MinimumVisualStudioVersion = 10.0.40219.1
Project("{2150E333-8FDC-42A3-9474-1A3956D46DE8}") = "src", "src", "{41746FD3-849F-4F38-9B54-CC5244A3113A}"
EndProject
Project("{2150E333-8FDC-42A3-9474-1A3956D46DE8}") = "test", "test", "{117FDC3A-2489-4673-BA42-BD4F056FFD22}"
EndProject
Project("{2150E333-8FDC-42A3-9474-1A3956D46DE8}") = "Solution Items", "Solution Items", "{A2E49EBB-D44F-44F5-B70F-83CC6CF056DD}"
	ProjectSection(SolutionItems) = preProject
		.env = .env
		README.md = README.md
	EndProjectSection
EndProject
Project("{2150E333-8FDC-42A3-9474-1A3956D46DE8}") = "BuildingBlocks", "BuildingBlocks", "{8B52EE97-AE92-4AD3-954A-2EEE5F8E126A}"
EndProject
Project("{2150E333-8FDC-42A3-9474-1A3956D46DE8}") = "Services", "Services", "{F84D59E7-258B-4917-ACA1-7857F101664D}"
EndProject
Project("{2150E333-8FDC-42A3-9474-1A3956D46DE8}") = "PIM", "PIM", "{B4A35012-233F-4CA4-9FF0-78F0B6067B6B}"
EndProject
Project("{2150E333-8FDC-42A3-9474-1A3956D46DE8}") = "EventBus", "EventBus", "{144EFD56-28F5-49AD-9C62-C33405E0E378}"
EndProject
Project("{9A19103F-16F7-4668-BE54-9A1E7A4F7556}") = "Harvey.PIM.Application", "src\Services\PIM\Harvey.PIM.Application\Harvey.PIM.Application.csproj", "{91170D63-7579-4620-BB5A-A75D65F1362D}"
EndProject
Project("{9A19103F-16F7-4668-BE54-9A1E7A4F7556}") = "Harvey.PIM.API", "src\Services\PIM\Harvey.PIM.API\Harvey.PIM.API.csproj", "{905228FA-9B50-46CC-8B15-3E11B700D669}"
EndProject
Project("{2150E333-8FDC-42A3-9474-1A3956D46DE8}") = "tests", "tests", "{5E14EB79-DDD0-4085-9115-F0CCD77C8839}"
EndProject
Project("{2150E333-8FDC-42A3-9474-1A3956D46DE8}") = "tests", "tests", "{8F1CD75B-BC77-4D25-B4EC-0E8E033A912B}"
EndProject
Project("{9A19103F-16F7-4668-BE54-9A1E7A4F7556}") = "Harvey.PIM.Application.Tests", "src\Services\PIM\Harvey.PIM.Application.Tests\Harvey.PIM.Application.Tests.csproj", "{B5600FA7-B98E-489B-9AC8-3AF33F2A4A83}"
EndProject
Project("{E53339B2-1760-4266-BCC7-CA923CBCF16C}") = "docker-compose", "docker-compose.dcproj", "{AF8DC890-48F6-45CB-A699-5A92DB35290B}"
EndProject
Project("{2150E333-8FDC-42A3-9474-1A3956D46DE8}") = "WebHost", "WebHost", "{216320C1-76EA-4B81-8796-10976E2B9C43}"
EndProject
Project("{9A19103F-16F7-4668-BE54-9A1E7A4F7556}") = "WebHost.Customization", "src\BuildingBlocks\WebHost\WebHost.Customization\WebHost.Customization.csproj", "{DCF5A454-F55F-4C39-9D3B-0ED710BE7CB7}"
EndProject
Project("{2150E333-8FDC-42A3-9474-1A3956D46DE8}") = "PurchaseControl", "PurchaseControl", "{2D1C1B02-3462-4664-9B66-0610271BF38F}"
EndProject
Project("{2150E333-8FDC-42A3-9474-1A3956D46DE8}") = "tests", "tests", "{E48CF12C-3133-44C1-8A1D-BEDCCF23AB07}"
EndProject
Project("{9A19103F-16F7-4668-BE54-9A1E7A4F7556}") = "Harvey.EventBus", "src\BuildingBlocks\EventBus\Harvey.EventBus\Harvey.EventBus.csproj", "{B382C7BE-B9EE-4C89-992A-667C4A5C130A}"
EndProject
Project("{9A19103F-16F7-4668-BE54-9A1E7A4F7556}") = "Harvey.PurchaseControl.API", "src\Services\PurchaseControl\Harvey.PurchaseControl.API\Harvey.PurchaseControl.API.csproj", "{491D2CA0-F895-4047-8076-CE382F260B54}"
EndProject
Project("{9A19103F-16F7-4668-BE54-9A1E7A4F7556}") = "Harvey.PurchaseControl.Application", "src\Services\PurchaseControl\Harvey.PurchaseControl.Application\Harvey.PurchaseControl.Application.csproj", "{5B4082D2-0D33-44FF-B78A-B9EDB4739D51}"
EndProject
Project("{9A19103F-16F7-4668-BE54-9A1E7A4F7556}") = "Harvey.PurchaseControl.Application.Tests", "src\Services\PurchaseControl\Harvey.PurchaseControl.Application.Tests\Harvey.PurchaseControl.Application.Tests.csproj", "{F99B170F-E8F0-4CAC-9908-00E4041E42E0}"
EndProject
Project("{9A19103F-16F7-4668-BE54-9A1E7A4F7556}") = "Harvey.EventBus.RabbitMQ", "src\BuildingBlocks\EventBus\Harvey.EventBus.RabbitMQ\Harvey.EventBus.RabbitMQ.csproj", "{121EAEA9-2805-46BA-95B2-70B60458B29B}"
EndProject
Project("{9A19103F-16F7-4668-BE54-9A1E7A4F7556}") = "Harvey.EventBus.RabbitMQ.Tests", "src\BuildingBlocks\EventBus\Harvey.EventBus.RabbitMQ.Tests\Harvey.EventBus.RabbitMQ.Tests.csproj", "{1DC847F6-0943-470B-A0C8-5A4D95151B91}"
EndProject
Project("{9A19103F-16F7-4668-BE54-9A1E7A4F7556}") = "Harvey.EventBus.Tests", "src\BuildingBlocks\EventBus\Harvey.EventBus.Tests\Harvey.EventBus.Tests.csproj", "{E31166DF-5026-42F5-9250-25393C10E634}"
EndProject
Project("{2150E333-8FDC-42A3-9474-1A3956D46DE8}") = "Test", "Test", "{5BE65EDC-56D7-47E1-8B0E-C90D5BDCB9D0}"
EndProject
Project("{9A19103F-16F7-4668-BE54-9A1E7A4F7556}") = "Harvey.TestBase", "src\BuildingBlocks\Test\Harvey.TestBase\Harvey.TestBase.csproj", "{1D635851-B29A-4981-BC56-158957B2348A}"
EndProject
Project("{2150E333-8FDC-42A3-9474-1A3956D46DE8}") = "Framework", "Framework", "{24C2B283-2844-401F-B8D1-DC92FD23C463}"
EndProject
Project("{9A19103F-16F7-4668-BE54-9A1E7A4F7556}") = "Harvey.Polly", "src\Framework\Harvey.Polly\Harvey.Polly.csproj", "{3956FB2F-DCED-4762-9682-720FA193B762}"
EndProject
Project("{2150E333-8FDC-42A3-9474-1A3956D46DE8}") = "tests", "tests", "{E5BBD919-A4E6-49CF-A268-502EE0F1DBC3}"
EndProject
Project("{9A19103F-16F7-4668-BE54-9A1E7A4F7556}") = "Harvey.Polly.Tests", "src\Framework\tests\Harvey.Polly.Tests\Harvey.Polly.Tests.csproj", "{0EF93914-3549-456F-B871-BB7F950E7021}"
EndProject
Project("{9A19103F-16F7-4668-BE54-9A1E7A4F7556}") = "Harvey.EventBus.EventStore.Marten", "src\BuildingBlocks\EventBus\Harvey.EventBus.EventStore.Marten\Harvey.EventBus.EventStore.Marten.csproj", "{9A8F80FA-29E9-410F-983E-C4FC9B7C22F1}"
EndProject
Project("{9A19103F-16F7-4668-BE54-9A1E7A4F7556}") = "Harvey.EventBus.EventStore.Marten.Tests", "src\BuildingBlocks\EventBus\Harvey.EventBus.EventStore.Marten.Tests\Harvey.EventBus.EventStore.Marten.Tests.csproj", "{9AA09222-EFDD-4428-8B2F-36D82450D64F}"
EndProject
Project("{9A19103F-16F7-4668-BE54-9A1E7A4F7556}") = "Harvey.Domain", "src\Framework\Harvey.Domain\Harvey.Domain.csproj", "{755A7C25-C247-4B43-8C4F-E5722912A232}"
EndProject
Project("{2150E333-8FDC-42A3-9474-1A3956D46DE8}") = "Ids", "Ids", "{98D18C26-FE80-4674-9600-4A05DF9AB5F1}"
EndProject
Project("{9A19103F-16F7-4668-BE54-9A1E7A4F7556}") = "Harvey.Ids", "Servers\Harvey.Ids\Harvey.Ids.csproj", "{4C66AFF1-73BF-4566-81F2-AE4CE6982C20}"
EndProject
Project("{9A19103F-16F7-4668-BE54-9A1E7A4F7556}") = "Harvey.Message", "Servers\Harvey.Message\Harvey.Message.csproj", "{1E649EDE-6DFC-4910-B999-C11130B54584}"
EndProject
Project("{9A19103F-16F7-4668-BE54-9A1E7A4F7556}") = "Harvey.Setting", "src\Framework\Harvey.Setting\Harvey.Setting.csproj", "{361EF9B2-981E-42BE-BC39-F00D770FEF54}"
EndProject
Project("{9A19103F-16F7-4668-BE54-9A1E7A4F7556}") = "Harvey.Logging", "src\Framework\Harvey.Logging\Harvey.Logging.csproj", "{1325DB81-574B-422B-9DAF-1F951D7DCF63}"
EndProject
Project("{9A19103F-16F7-4668-BE54-9A1E7A4F7556}") = "Harvey.Logging.SeriLog", "src\BuildingBlocks\Logging\Harvey.Logging.SeriLog\Harvey.Logging.SeriLog.csproj", "{1A223B9E-43AF-4604-9B6D-EE8F90A6AFF1}"
EndProject
Project("{2150E333-8FDC-42A3-9474-1A3956D46DE8}") = "Logging", "Logging", "{385F1A43-FAEB-464A-A8E7-7C7E97D5E9C5}"
EndProject
Project("{2150E333-8FDC-42A3-9474-1A3956D46DE8}") = "Logging", "Logging", "{A9DDFAE9-71FA-4607-8369-109E7FB14820}"
EndProject
Project("{9A19103F-16F7-4668-BE54-9A1E7A4F7556}") = "Harvey.Logging.API", "src\Services\Logging\Harvey.Logging.API\Harvey.Logging.API.csproj", "{E4CAA207-0922-4F13-B71C-E763F666AB95}"
EndProject
Project("{2150E333-8FDC-42A3-9474-1A3956D46DE8}") = "Persitance", "Persitance", "{446F8BA2-0324-4EE7-8496-3ED2991BF4B9}"
EndProject
Project("{9A19103F-16F7-4668-BE54-9A1E7A4F7556}") = "Harvey.Persitance.EF", "src\BuildingBlocks\Persitance\Harvey.Persitance.EF\Harvey.Persitance.EF.csproj", "{982DE539-1F59-4F7E-8A15-02E040285DAA}"
EndProject
Project("{9A19103F-16F7-4668-BE54-9A1E7A4F7556}") = "Harvey.Exception", "src\Framework\Harvey.Exception\Harvey.Exception.csproj", "{476D87BC-77F2-40AF-B165-4000E24E77DC}"
EndProject
Project("{2150E333-8FDC-42A3-9474-1A3956D46DE8}") = "Search", "Search", "{18AE59FE-7C74-4C27-AF8B-8EB3FCB8925A}"
EndProject
Project("{9A19103F-16F7-4668-BE54-9A1E7A4F7556}") = "Harvey.Search", "src\BuildingBlocks\Search\Harvey.Search\Harvey.Search.csproj", "{3B5BE508-3809-4E62-9B14-D2623CFFBDAB}"
EndProject
Project("{9A19103F-16F7-4668-BE54-9A1E7A4F7556}") = "Harvey.Search.NEST", "src\BuildingBlocks\Search\Harvey.Search.NEST\Harvey.Search.NEST.csproj", "{DCF83CAE-2801-46E7-AFDB-80E958130305}"
EndProject
Project("{2150E333-8FDC-42A3-9474-1A3956D46DE8}") = "tests", "tests", "{DE5793D7-2E98-4362-B65A-535CA649CD69}"
EndProject
Project("{9A19103F-16F7-4668-BE54-9A1E7A4F7556}") = "Harvey.Search.NEST.Tests", "src\BuildingBlocks\Search\Harvey.Search.NEST.Tests\Harvey.Search.NEST.Tests.csproj", "{577D010B-06C3-4B3D-ADE0-8EB9F62BCF51}"
EndProject
Project("{2150E333-8FDC-42A3-9474-1A3956D46DE8}") = "Job", "Job", "{92C2DC17-5D64-4021-A89D-D7E6A5DD92DF}"
EndProject
Project("{9A19103F-16F7-4668-BE54-9A1E7A4F7556}") = "Harvey.Job", "src\BuildingBlocks\Job\Harvey.Job\Harvey.Job.csproj", "{ED5FD61A-E4E4-4F6C-9F9A-7FD254574702}"
EndProject
Project("{9A19103F-16F7-4668-BE54-9A1E7A4F7556}") = "Harvey.Job.Hangfire", "src\BuildingBlocks\Job\Harvey.Job.Hangfire\Harvey.Job.Hangfire.csproj", "{4D6E88A2-2B59-4860-941B-3D2925EE3456}"
EndProject
Project("{9A19103F-16F7-4668-BE54-9A1E7A4F7556}") = "Harvey.PIM.MarketingAutomation", "src\Services\PIM\Harvey.PIM.MarketingAutomation\Harvey.PIM.MarketingAutomation.csproj", "{5D07DD5E-CDC2-41D8-81E5-DF13A46745E9}"
EndProject
Project("{FAE04EC0-301F-11D3-BF4B-00C04F79EFBC}") = "Harvey.Extensions", "src\Framework\Harvey.Extensions\Harvey.Extensions.csproj", "{A7F7E532-4FA1-4DC4-A1D4-4553FF12E910}"
EndProject
Global
	GlobalSection(SolutionConfigurationPlatforms) = preSolution
		Debug|Any CPU = Debug|Any CPU
		Release|Any CPU = Release|Any CPU
	EndGlobalSection
	GlobalSection(ProjectConfigurationPlatforms) = postSolution
		{91170D63-7579-4620-BB5A-A75D65F1362D}.Debug|Any CPU.ActiveCfg = Debug|Any CPU
		{91170D63-7579-4620-BB5A-A75D65F1362D}.Debug|Any CPU.Build.0 = Debug|Any CPU
		{91170D63-7579-4620-BB5A-A75D65F1362D}.Release|Any CPU.ActiveCfg = Release|Any CPU
		{91170D63-7579-4620-BB5A-A75D65F1362D}.Release|Any CPU.Build.0 = Release|Any CPU
		{905228FA-9B50-46CC-8B15-3E11B700D669}.Debug|Any CPU.ActiveCfg = Debug|Any CPU
		{905228FA-9B50-46CC-8B15-3E11B700D669}.Debug|Any CPU.Build.0 = Debug|Any CPU
		{905228FA-9B50-46CC-8B15-3E11B700D669}.Release|Any CPU.ActiveCfg = Release|Any CPU
		{905228FA-9B50-46CC-8B15-3E11B700D669}.Release|Any CPU.Build.0 = Release|Any CPU
		{B5600FA7-B98E-489B-9AC8-3AF33F2A4A83}.Debug|Any CPU.ActiveCfg = Debug|Any CPU
		{B5600FA7-B98E-489B-9AC8-3AF33F2A4A83}.Debug|Any CPU.Build.0 = Debug|Any CPU
		{B5600FA7-B98E-489B-9AC8-3AF33F2A4A83}.Release|Any CPU.ActiveCfg = Release|Any CPU
		{B5600FA7-B98E-489B-9AC8-3AF33F2A4A83}.Release|Any CPU.Build.0 = Release|Any CPU
		{AF8DC890-48F6-45CB-A699-5A92DB35290B}.Debug|Any CPU.ActiveCfg = Debug|Any CPU
		{AF8DC890-48F6-45CB-A699-5A92DB35290B}.Debug|Any CPU.Build.0 = Debug|Any CPU
		{AF8DC890-48F6-45CB-A699-5A92DB35290B}.Release|Any CPU.ActiveCfg = Release|Any CPU
		{AF8DC890-48F6-45CB-A699-5A92DB35290B}.Release|Any CPU.Build.0 = Release|Any CPU
		{DCF5A454-F55F-4C39-9D3B-0ED710BE7CB7}.Debug|Any CPU.ActiveCfg = Debug|Any CPU
		{DCF5A454-F55F-4C39-9D3B-0ED710BE7CB7}.Debug|Any CPU.Build.0 = Debug|Any CPU
		{DCF5A454-F55F-4C39-9D3B-0ED710BE7CB7}.Release|Any CPU.ActiveCfg = Release|Any CPU
		{DCF5A454-F55F-4C39-9D3B-0ED710BE7CB7}.Release|Any CPU.Build.0 = Release|Any CPU
		{B382C7BE-B9EE-4C89-992A-667C4A5C130A}.Debug|Any CPU.ActiveCfg = Debug|Any CPU
		{B382C7BE-B9EE-4C89-992A-667C4A5C130A}.Debug|Any CPU.Build.0 = Debug|Any CPU
		{B382C7BE-B9EE-4C89-992A-667C4A5C130A}.Release|Any CPU.ActiveCfg = Release|Any CPU
		{B382C7BE-B9EE-4C89-992A-667C4A5C130A}.Release|Any CPU.Build.0 = Release|Any CPU
		{491D2CA0-F895-4047-8076-CE382F260B54}.Debug|Any CPU.ActiveCfg = Debug|Any CPU
		{491D2CA0-F895-4047-8076-CE382F260B54}.Debug|Any CPU.Build.0 = Debug|Any CPU
		{491D2CA0-F895-4047-8076-CE382F260B54}.Release|Any CPU.ActiveCfg = Release|Any CPU
		{491D2CA0-F895-4047-8076-CE382F260B54}.Release|Any CPU.Build.0 = Release|Any CPU
		{5B4082D2-0D33-44FF-B78A-B9EDB4739D51}.Debug|Any CPU.ActiveCfg = Debug|Any CPU
		{5B4082D2-0D33-44FF-B78A-B9EDB4739D51}.Debug|Any CPU.Build.0 = Debug|Any CPU
		{5B4082D2-0D33-44FF-B78A-B9EDB4739D51}.Release|Any CPU.ActiveCfg = Release|Any CPU
		{5B4082D2-0D33-44FF-B78A-B9EDB4739D51}.Release|Any CPU.Build.0 = Release|Any CPU
		{F99B170F-E8F0-4CAC-9908-00E4041E42E0}.Debug|Any CPU.ActiveCfg = Debug|Any CPU
		{F99B170F-E8F0-4CAC-9908-00E4041E42E0}.Debug|Any CPU.Build.0 = Debug|Any CPU
		{F99B170F-E8F0-4CAC-9908-00E4041E42E0}.Release|Any CPU.ActiveCfg = Release|Any CPU
		{F99B170F-E8F0-4CAC-9908-00E4041E42E0}.Release|Any CPU.Build.0 = Release|Any CPU
		{121EAEA9-2805-46BA-95B2-70B60458B29B}.Debug|Any CPU.ActiveCfg = Debug|Any CPU
		{121EAEA9-2805-46BA-95B2-70B60458B29B}.Debug|Any CPU.Build.0 = Debug|Any CPU
		{121EAEA9-2805-46BA-95B2-70B60458B29B}.Release|Any CPU.ActiveCfg = Release|Any CPU
		{121EAEA9-2805-46BA-95B2-70B60458B29B}.Release|Any CPU.Build.0 = Release|Any CPU
		{1DC847F6-0943-470B-A0C8-5A4D95151B91}.Debug|Any CPU.ActiveCfg = Debug|Any CPU
		{1DC847F6-0943-470B-A0C8-5A4D95151B91}.Debug|Any CPU.Build.0 = Debug|Any CPU
		{1DC847F6-0943-470B-A0C8-5A4D95151B91}.Release|Any CPU.ActiveCfg = Release|Any CPU
		{1DC847F6-0943-470B-A0C8-5A4D95151B91}.Release|Any CPU.Build.0 = Release|Any CPU
		{E31166DF-5026-42F5-9250-25393C10E634}.Debug|Any CPU.ActiveCfg = Debug|Any CPU
		{E31166DF-5026-42F5-9250-25393C10E634}.Debug|Any CPU.Build.0 = Debug|Any CPU
		{E31166DF-5026-42F5-9250-25393C10E634}.Release|Any CPU.ActiveCfg = Release|Any CPU
		{E31166DF-5026-42F5-9250-25393C10E634}.Release|Any CPU.Build.0 = Release|Any CPU
		{1D635851-B29A-4981-BC56-158957B2348A}.Debug|Any CPU.ActiveCfg = Debug|Any CPU
		{1D635851-B29A-4981-BC56-158957B2348A}.Debug|Any CPU.Build.0 = Debug|Any CPU
		{1D635851-B29A-4981-BC56-158957B2348A}.Release|Any CPU.ActiveCfg = Release|Any CPU
		{1D635851-B29A-4981-BC56-158957B2348A}.Release|Any CPU.Build.0 = Release|Any CPU
		{3956FB2F-DCED-4762-9682-720FA193B762}.Debug|Any CPU.ActiveCfg = Debug|Any CPU
		{3956FB2F-DCED-4762-9682-720FA193B762}.Debug|Any CPU.Build.0 = Debug|Any CPU
		{3956FB2F-DCED-4762-9682-720FA193B762}.Release|Any CPU.ActiveCfg = Release|Any CPU
		{3956FB2F-DCED-4762-9682-720FA193B762}.Release|Any CPU.Build.0 = Release|Any CPU
		{0EF93914-3549-456F-B871-BB7F950E7021}.Debug|Any CPU.ActiveCfg = Debug|Any CPU
		{0EF93914-3549-456F-B871-BB7F950E7021}.Debug|Any CPU.Build.0 = Debug|Any CPU
		{0EF93914-3549-456F-B871-BB7F950E7021}.Release|Any CPU.ActiveCfg = Release|Any CPU
		{0EF93914-3549-456F-B871-BB7F950E7021}.Release|Any CPU.Build.0 = Release|Any CPU
		{9A8F80FA-29E9-410F-983E-C4FC9B7C22F1}.Debug|Any CPU.ActiveCfg = Debug|Any CPU
		{9A8F80FA-29E9-410F-983E-C4FC9B7C22F1}.Debug|Any CPU.Build.0 = Debug|Any CPU
		{9A8F80FA-29E9-410F-983E-C4FC9B7C22F1}.Release|Any CPU.ActiveCfg = Release|Any CPU
		{9A8F80FA-29E9-410F-983E-C4FC9B7C22F1}.Release|Any CPU.Build.0 = Release|Any CPU
		{9AA09222-EFDD-4428-8B2F-36D82450D64F}.Debug|Any CPU.ActiveCfg = Debug|Any CPU
		{9AA09222-EFDD-4428-8B2F-36D82450D64F}.Debug|Any CPU.Build.0 = Debug|Any CPU
		{9AA09222-EFDD-4428-8B2F-36D82450D64F}.Release|Any CPU.ActiveCfg = Release|Any CPU
		{9AA09222-EFDD-4428-8B2F-36D82450D64F}.Release|Any CPU.Build.0 = Release|Any CPU
		{755A7C25-C247-4B43-8C4F-E5722912A232}.Debug|Any CPU.ActiveCfg = Debug|Any CPU
		{755A7C25-C247-4B43-8C4F-E5722912A232}.Debug|Any CPU.Build.0 = Debug|Any CPU
		{755A7C25-C247-4B43-8C4F-E5722912A232}.Release|Any CPU.ActiveCfg = Release|Any CPU
		{755A7C25-C247-4B43-8C4F-E5722912A232}.Release|Any CPU.Build.0 = Release|Any CPU
		{4C66AFF1-73BF-4566-81F2-AE4CE6982C20}.Debug|Any CPU.ActiveCfg = Debug|Any CPU
		{4C66AFF1-73BF-4566-81F2-AE4CE6982C20}.Debug|Any CPU.Build.0 = Debug|Any CPU
		{4C66AFF1-73BF-4566-81F2-AE4CE6982C20}.Release|Any CPU.ActiveCfg = Release|Any CPU
		{4C66AFF1-73BF-4566-81F2-AE4CE6982C20}.Release|Any CPU.Build.0 = Release|Any CPU
		{1E649EDE-6DFC-4910-B999-C11130B54584}.Debug|Any CPU.ActiveCfg = Debug|Any CPU
		{1E649EDE-6DFC-4910-B999-C11130B54584}.Debug|Any CPU.Build.0 = Debug|Any CPU
		{1E649EDE-6DFC-4910-B999-C11130B54584}.Release|Any CPU.ActiveCfg = Release|Any CPU
		{1E649EDE-6DFC-4910-B999-C11130B54584}.Release|Any CPU.Build.0 = Release|Any CPU
		{361EF9B2-981E-42BE-BC39-F00D770FEF54}.Debug|Any CPU.ActiveCfg = Debug|Any CPU
		{361EF9B2-981E-42BE-BC39-F00D770FEF54}.Debug|Any CPU.Build.0 = Debug|Any CPU
		{361EF9B2-981E-42BE-BC39-F00D770FEF54}.Release|Any CPU.ActiveCfg = Release|Any CPU
		{361EF9B2-981E-42BE-BC39-F00D770FEF54}.Release|Any CPU.Build.0 = Release|Any CPU
		{1325DB81-574B-422B-9DAF-1F951D7DCF63}.Debug|Any CPU.ActiveCfg = Debug|Any CPU
		{1325DB81-574B-422B-9DAF-1F951D7DCF63}.Debug|Any CPU.Build.0 = Debug|Any CPU
		{1325DB81-574B-422B-9DAF-1F951D7DCF63}.Release|Any CPU.ActiveCfg = Release|Any CPU
		{1325DB81-574B-422B-9DAF-1F951D7DCF63}.Release|Any CPU.Build.0 = Release|Any CPU
		{1A223B9E-43AF-4604-9B6D-EE8F90A6AFF1}.Debug|Any CPU.ActiveCfg = Debug|Any CPU
		{1A223B9E-43AF-4604-9B6D-EE8F90A6AFF1}.Debug|Any CPU.Build.0 = Debug|Any CPU
		{1A223B9E-43AF-4604-9B6D-EE8F90A6AFF1}.Release|Any CPU.ActiveCfg = Release|Any CPU
		{1A223B9E-43AF-4604-9B6D-EE8F90A6AFF1}.Release|Any CPU.Build.0 = Release|Any CPU
		{E4CAA207-0922-4F13-B71C-E763F666AB95}.Debug|Any CPU.ActiveCfg = Debug|Any CPU
		{E4CAA207-0922-4F13-B71C-E763F666AB95}.Debug|Any CPU.Build.0 = Debug|Any CPU
		{E4CAA207-0922-4F13-B71C-E763F666AB95}.Release|Any CPU.ActiveCfg = Release|Any CPU
		{E4CAA207-0922-4F13-B71C-E763F666AB95}.Release|Any CPU.Build.0 = Release|Any CPU
		{982DE539-1F59-4F7E-8A15-02E040285DAA}.Debug|Any CPU.ActiveCfg = Debug|Any CPU
		{982DE539-1F59-4F7E-8A15-02E040285DAA}.Debug|Any CPU.Build.0 = Debug|Any CPU
		{982DE539-1F59-4F7E-8A15-02E040285DAA}.Release|Any CPU.ActiveCfg = Release|Any CPU
		{982DE539-1F59-4F7E-8A15-02E040285DAA}.Release|Any CPU.Build.0 = Release|Any CPU
		{476D87BC-77F2-40AF-B165-4000E24E77DC}.Debug|Any CPU.ActiveCfg = Debug|Any CPU
		{476D87BC-77F2-40AF-B165-4000E24E77DC}.Debug|Any CPU.Build.0 = Debug|Any CPU
		{476D87BC-77F2-40AF-B165-4000E24E77DC}.Release|Any CPU.ActiveCfg = Release|Any CPU
		{476D87BC-77F2-40AF-B165-4000E24E77DC}.Release|Any CPU.Build.0 = Release|Any CPU
		{3B5BE508-3809-4E62-9B14-D2623CFFBDAB}.Debug|Any CPU.ActiveCfg = Debug|Any CPU
		{3B5BE508-3809-4E62-9B14-D2623CFFBDAB}.Debug|Any CPU.Build.0 = Debug|Any CPU
		{3B5BE508-3809-4E62-9B14-D2623CFFBDAB}.Release|Any CPU.ActiveCfg = Release|Any CPU
		{3B5BE508-3809-4E62-9B14-D2623CFFBDAB}.Release|Any CPU.Build.0 = Release|Any CPU
		{DCF83CAE-2801-46E7-AFDB-80E958130305}.Debug|Any CPU.ActiveCfg = Debug|Any CPU
		{DCF83CAE-2801-46E7-AFDB-80E958130305}.Debug|Any CPU.Build.0 = Debug|Any CPU
		{DCF83CAE-2801-46E7-AFDB-80E958130305}.Release|Any CPU.ActiveCfg = Release|Any CPU
		{DCF83CAE-2801-46E7-AFDB-80E958130305}.Release|Any CPU.Build.0 = Release|Any CPU
		{577D010B-06C3-4B3D-ADE0-8EB9F62BCF51}.Debug|Any CPU.ActiveCfg = Debug|Any CPU
		{577D010B-06C3-4B3D-ADE0-8EB9F62BCF51}.Debug|Any CPU.Build.0 = Debug|Any CPU
		{577D010B-06C3-4B3D-ADE0-8EB9F62BCF51}.Release|Any CPU.ActiveCfg = Release|Any CPU
		{577D010B-06C3-4B3D-ADE0-8EB9F62BCF51}.Release|Any CPU.Build.0 = Release|Any CPU
		{ED5FD61A-E4E4-4F6C-9F9A-7FD254574702}.Debug|Any CPU.ActiveCfg = Debug|Any CPU
		{ED5FD61A-E4E4-4F6C-9F9A-7FD254574702}.Debug|Any CPU.Build.0 = Debug|Any CPU
		{ED5FD61A-E4E4-4F6C-9F9A-7FD254574702}.Release|Any CPU.ActiveCfg = Release|Any CPU
		{ED5FD61A-E4E4-4F6C-9F9A-7FD254574702}.Release|Any CPU.Build.0 = Release|Any CPU
		{4D6E88A2-2B59-4860-941B-3D2925EE3456}.Debug|Any CPU.ActiveCfg = Debug|Any CPU
		{4D6E88A2-2B59-4860-941B-3D2925EE3456}.Debug|Any CPU.Build.0 = Debug|Any CPU
		{4D6E88A2-2B59-4860-941B-3D2925EE3456}.Release|Any CPU.ActiveCfg = Release|Any CPU
		{4D6E88A2-2B59-4860-941B-3D2925EE3456}.Release|Any CPU.Build.0 = Release|Any CPU
		{5D07DD5E-CDC2-41D8-81E5-DF13A46745E9}.Debug|Any CPU.ActiveCfg = Debug|Any CPU
		{5D07DD5E-CDC2-41D8-81E5-DF13A46745E9}.Debug|Any CPU.Build.0 = Debug|Any CPU
		{5D07DD5E-CDC2-41D8-81E5-DF13A46745E9}.Release|Any CPU.ActiveCfg = Release|Any CPU
		{5D07DD5E-CDC2-41D8-81E5-DF13A46745E9}.Release|Any CPU.Build.0 = Release|Any CPU
		{A7F7E532-4FA1-4DC4-A1D4-4553FF12E910}.Debug|Any CPU.ActiveCfg = Debug|Any CPU
		{A7F7E532-4FA1-4DC4-A1D4-4553FF12E910}.Debug|Any CPU.Build.0 = Debug|Any CPU
		{A7F7E532-4FA1-4DC4-A1D4-4553FF12E910}.Release|Any CPU.ActiveCfg = Release|Any CPU
		{A7F7E532-4FA1-4DC4-A1D4-4553FF12E910}.Release|Any CPU.Build.0 = Release|Any CPU
	EndGlobalSection
	GlobalSection(SolutionProperties) = preSolution
		HideSolutionNode = FALSE
	EndGlobalSection
	GlobalSection(NestedProjects) = preSolution
		{8B52EE97-AE92-4AD3-954A-2EEE5F8E126A} = {41746FD3-849F-4F38-9B54-CC5244A3113A}
		{F84D59E7-258B-4917-ACA1-7857F101664D} = {41746FD3-849F-4F38-9B54-CC5244A3113A}
		{B4A35012-233F-4CA4-9FF0-78F0B6067B6B} = {F84D59E7-258B-4917-ACA1-7857F101664D}
		{144EFD56-28F5-49AD-9C62-C33405E0E378} = {8B52EE97-AE92-4AD3-954A-2EEE5F8E126A}
		{91170D63-7579-4620-BB5A-A75D65F1362D} = {B4A35012-233F-4CA4-9FF0-78F0B6067B6B}
		{905228FA-9B50-46CC-8B15-3E11B700D669} = {B4A35012-233F-4CA4-9FF0-78F0B6067B6B}
		{5E14EB79-DDD0-4085-9115-F0CCD77C8839} = {B4A35012-233F-4CA4-9FF0-78F0B6067B6B}
		{8F1CD75B-BC77-4D25-B4EC-0E8E033A912B} = {144EFD56-28F5-49AD-9C62-C33405E0E378}
		{B5600FA7-B98E-489B-9AC8-3AF33F2A4A83} = {5E14EB79-DDD0-4085-9115-F0CCD77C8839}
		{216320C1-76EA-4B81-8796-10976E2B9C43} = {8B52EE97-AE92-4AD3-954A-2EEE5F8E126A}
		{DCF5A454-F55F-4C39-9D3B-0ED710BE7CB7} = {216320C1-76EA-4B81-8796-10976E2B9C43}
		{2D1C1B02-3462-4664-9B66-0610271BF38F} = {F84D59E7-258B-4917-ACA1-7857F101664D}
		{E48CF12C-3133-44C1-8A1D-BEDCCF23AB07} = {2D1C1B02-3462-4664-9B66-0610271BF38F}
		{B382C7BE-B9EE-4C89-992A-667C4A5C130A} = {144EFD56-28F5-49AD-9C62-C33405E0E378}
		{491D2CA0-F895-4047-8076-CE382F260B54} = {2D1C1B02-3462-4664-9B66-0610271BF38F}
		{5B4082D2-0D33-44FF-B78A-B9EDB4739D51} = {2D1C1B02-3462-4664-9B66-0610271BF38F}
		{F99B170F-E8F0-4CAC-9908-00E4041E42E0} = {E48CF12C-3133-44C1-8A1D-BEDCCF23AB07}
		{121EAEA9-2805-46BA-95B2-70B60458B29B} = {144EFD56-28F5-49AD-9C62-C33405E0E378}
		{1DC847F6-0943-470B-A0C8-5A4D95151B91} = {8F1CD75B-BC77-4D25-B4EC-0E8E033A912B}
		{E31166DF-5026-42F5-9250-25393C10E634} = {8F1CD75B-BC77-4D25-B4EC-0E8E033A912B}
		{5BE65EDC-56D7-47E1-8B0E-C90D5BDCB9D0} = {8B52EE97-AE92-4AD3-954A-2EEE5F8E126A}
		{1D635851-B29A-4981-BC56-158957B2348A} = {5BE65EDC-56D7-47E1-8B0E-C90D5BDCB9D0}
		{24C2B283-2844-401F-B8D1-DC92FD23C463} = {41746FD3-849F-4F38-9B54-CC5244A3113A}
		{3956FB2F-DCED-4762-9682-720FA193B762} = {24C2B283-2844-401F-B8D1-DC92FD23C463}
		{E5BBD919-A4E6-49CF-A268-502EE0F1DBC3} = {24C2B283-2844-401F-B8D1-DC92FD23C463}
		{0EF93914-3549-456F-B871-BB7F950E7021} = {E5BBD919-A4E6-49CF-A268-502EE0F1DBC3}
		{9A8F80FA-29E9-410F-983E-C4FC9B7C22F1} = {144EFD56-28F5-49AD-9C62-C33405E0E378}
		{9AA09222-EFDD-4428-8B2F-36D82450D64F} = {8F1CD75B-BC77-4D25-B4EC-0E8E033A912B}
		{755A7C25-C247-4B43-8C4F-E5722912A232} = {24C2B283-2844-401F-B8D1-DC92FD23C463}
		{98D18C26-FE80-4674-9600-4A05DF9AB5F1} = {F84D59E7-258B-4917-ACA1-7857F101664D}
		{4C66AFF1-73BF-4566-81F2-AE4CE6982C20} = {98D18C26-FE80-4674-9600-4A05DF9AB5F1}
		{1E649EDE-6DFC-4910-B999-C11130B54584} = {98D18C26-FE80-4674-9600-4A05DF9AB5F1}
		{361EF9B2-981E-42BE-BC39-F00D770FEF54} = {24C2B283-2844-401F-B8D1-DC92FD23C463}
		{1325DB81-574B-422B-9DAF-1F951D7DCF63} = {24C2B283-2844-401F-B8D1-DC92FD23C463}
		{1A223B9E-43AF-4604-9B6D-EE8F90A6AFF1} = {385F1A43-FAEB-464A-A8E7-7C7E97D5E9C5}
		{385F1A43-FAEB-464A-A8E7-7C7E97D5E9C5} = {8B52EE97-AE92-4AD3-954A-2EEE5F8E126A}
		{A9DDFAE9-71FA-4607-8369-109E7FB14820} = {F84D59E7-258B-4917-ACA1-7857F101664D}
		{E4CAA207-0922-4F13-B71C-E763F666AB95} = {A9DDFAE9-71FA-4607-8369-109E7FB14820}
		{446F8BA2-0324-4EE7-8496-3ED2991BF4B9} = {8B52EE97-AE92-4AD3-954A-2EEE5F8E126A}
		{982DE539-1F59-4F7E-8A15-02E040285DAA} = {446F8BA2-0324-4EE7-8496-3ED2991BF4B9}
		{476D87BC-77F2-40AF-B165-4000E24E77DC} = {24C2B283-2844-401F-B8D1-DC92FD23C463}
		{18AE59FE-7C74-4C27-AF8B-8EB3FCB8925A} = {8B52EE97-AE92-4AD3-954A-2EEE5F8E126A}
		{3B5BE508-3809-4E62-9B14-D2623CFFBDAB} = {18AE59FE-7C74-4C27-AF8B-8EB3FCB8925A}
		{DCF83CAE-2801-46E7-AFDB-80E958130305} = {18AE59FE-7C74-4C27-AF8B-8EB3FCB8925A}
		{DE5793D7-2E98-4362-B65A-535CA649CD69} = {18AE59FE-7C74-4C27-AF8B-8EB3FCB8925A}
		{577D010B-06C3-4B3D-ADE0-8EB9F62BCF51} = {DE5793D7-2E98-4362-B65A-535CA649CD69}
		{92C2DC17-5D64-4021-A89D-D7E6A5DD92DF} = {8B52EE97-AE92-4AD3-954A-2EEE5F8E126A}
		{ED5FD61A-E4E4-4F6C-9F9A-7FD254574702} = {92C2DC17-5D64-4021-A89D-D7E6A5DD92DF}
		{4D6E88A2-2B59-4860-941B-3D2925EE3456} = {92C2DC17-5D64-4021-A89D-D7E6A5DD92DF}
		{5D07DD5E-CDC2-41D8-81E5-DF13A46745E9} = {B4A35012-233F-4CA4-9FF0-78F0B6067B6B}
		{A7F7E532-4FA1-4DC4-A1D4-4553FF12E910} = {24C2B283-2844-401F-B8D1-DC92FD23C463}
	EndGlobalSection
	GlobalSection(ExtensibilityGlobals) = postSolution
		SolutionGuid = {700A4733-6D1F-4662-B1DC-CBC8E0D8F7EE}
	EndGlobalSection
EndGlobal
